
Microsoft Visual Studio Solution File, Format Version 12.00
# Visual Studio Version 17
VisualStudioVersion = 17.1.32328.378
MinimumVisualStudioVersion = 10.0.40219.1
Project("{9A19103F-16F7-4668-BE54-9A1E7A4F7556}") = "Desafio1", "TesteWIPRO\Desafio1.csproj", "{70FF2FDA-A28F-4D75-BBB4-1878A5B668E6}"
EndProject
Project("{9A19103F-16F7-4668-BE54-9A1E7A4F7556}") = "Desafio2.1", "Desafio2.1\Desafio2.1.csproj", "{3C9E0FEA-021B-4494-9CDD-1461A8B547B1}"
EndProject
Project("{9A19103F-16F7-4668-BE54-9A1E7A4F7556}") = "Entities", "Entities\Entities.csproj", "{2C4F0D35-7CE0-46E8-9D43-C309C8C6D81E}"
EndProject
Project("{2150E333-8FDC-42A3-9474-1A3956D46DE8}") = "DesafioSQL", "DesafioSQL", "{3CF3BD43-40DC-47EE-86DE-5EF3C40EE0AA}"
	ProjectSection(SolutionItems) = preProject
		..\..\..\Downloads\SQLDesafiosql.sql = ..\..\..\Downloads\SQLDesafiosql.sql
	EndProjectSection
EndProject
Project("{2150E333-8FDC-42A3-9474-1A3956D46DE8}") = "DesafioPDF", "DesafioPDF", "{EDC320A6-ABBC-4878-807F-DD66A111C052}"
	ProjectSection(SolutionItems) = preProject
		..\..\..\AppData\Local\Temp\Rar$DRa32228.45397\ProvaProgramacaoCSharp_v3.pdf = ..\..\..\AppData\Local\Temp\Rar$DRa32228.45397\ProvaProgramacaoCSharp_v3.pdf
		..\..\..\AppData\Local\Temp\Rar$DRa32228.45397\Teste - SQL.pdf = ..\..\..\AppData\Local\Temp\Rar$DRa32228.45397\Teste - SQL.pdf
	EndProjectSection
EndProject
Global
	GlobalSection(SolutionConfigurationPlatforms) = preSolution
		Debug|Any CPU = Debug|Any CPU
		Release|Any CPU = Release|Any CPU
	EndGlobalSection
	GlobalSection(ProjectConfigurationPlatforms) = postSolution
		{70FF2FDA-A28F-4D75-BBB4-1878A5B668E6}.Debug|Any CPU.ActiveCfg = Debug|Any CPU
		{70FF2FDA-A28F-4D75-BBB4-1878A5B668E6}.Debug|Any CPU.Build.0 = Debug|Any CPU
		{70FF2FDA-A28F-4D75-BBB4-1878A5B668E6}.Release|Any CPU.ActiveCfg = Release|Any CPU
		{70FF2FDA-A28F-4D75-BBB4-1878A5B668E6}.Release|Any CPU.Build.0 = Release|Any CPU
		{3C9E0FEA-021B-4494-9CDD-1461A8B547B1}.Debug|Any CPU.ActiveCfg = Debug|Any CPU
		{3C9E0FEA-021B-4494-9CDD-1461A8B547B1}.Debug|Any CPU.Build.0 = Debug|Any CPU
		{3C9E0FEA-021B-4494-9CDD-1461A8B547B1}.Release|Any CPU.ActiveCfg = Release|Any CPU
		{3C9E0FEA-021B-4494-9CDD-1461A8B547B1}.Release|Any CPU.Build.0 = Release|Any CPU
		{2C4F0D35-7CE0-46E8-9D43-C309C8C6D81E}.Debug|Any CPU.ActiveCfg = Debug|Any CPU
		{2C4F0D35-7CE0-46E8-9D43-C309C8C6D81E}.Debug|Any CPU.Build.0 = Debug|Any CPU
		{2C4F0D35-7CE0-46E8-9D43-C309C8C6D81E}.Release|Any CPU.ActiveCfg = Release|Any CPU
		{2C4F0D35-7CE0-46E8-9D43-C309C8C6D81E}.Release|Any CPU.Build.0 = Release|Any CPU
	EndGlobalSection
	GlobalSection(SolutionProperties) = preSolution
		HideSolutionNode = FALSE
	EndGlobalSection
	GlobalSection(ExtensibilityGlobals) = postSolution
		SolutionGuid = {285643F1-02E4-4293-931C-0AF7C66C6BA9}
	EndGlobalSection
EndGlobal
